
Microsoft Visual Studio Solution File, Format Version 12.00
# Visual Studio Version 16
VisualStudioVersion = 16.0.31205.134
MinimumVisualStudioVersion = 10.0.40219.1
Project("{2150E333-8FDC-42A3-9474-1A3956D46DE8}") = "services", "services", "{5C0C1155-AB2C-458A-8524-EDA4A89B2093}"
EndProject
Project("{9A19103F-16F7-4668-BE54-9A1E7A4F7556}") = "ordering", "ordering\ordering.csproj", "{B2971273-1FC8-4072-93E1-A278FA56B074}"
EndProject
Project("{9A19103F-16F7-4668-BE54-9A1E7A4F7556}") = "member_center", "member_center\member_center.csproj", "{D4BF84A2-CD5B-46AA-B236-03085CC5270E}"
EndProject
Project("{9A19103F-16F7-4668-BE54-9A1E7A4F7556}") = "hotel_base", "hotel_base\hotel_base.csproj", "{BB87A844-AA35-4235-B4BE-B6038F4975D8}"
EndProject
Project("{2150E333-8FDC-42A3-9474-1A3956D46DE8}") = "Solution Items", "Solution Items", "{ACA99308-1DA7-4AD0-8231-E880336E1375}"
	ProjectSection(SolutionItems) = preProject
		D:\work\elk\apm-server.docker.yml = D:\work\elk\apm-server.docker.yml
		D:\work\elk\apm.yaml = D:\work\elk\apm.yaml
		docker-compose.yml = docker-compose.yml
		D:\work\elk\elk.yaml = D:\work\elk\elk.yaml
		hotel.yaml = hotel.yaml
		member.yaml = member.yaml
		order.yaml = order.yaml
		D:\work\elk\readme.txt = D:\work\elk\readme.txt
	EndProjectSection
EndProject
Project("{FAE04EC0-301F-11D3-BF4B-00C04F79EFBC}") = "receviceRabbitMq", "receviceRabbitMq\receviceRabbitMq.csproj", "{054F375D-7EBD-4339-8999-7A84356BB74C}"
EndProject
Global
	GlobalSection(SolutionConfigurationPlatforms) = preSolution
		Debug|Any CPU = Debug|Any CPU
		Release|Any CPU = Release|Any CPU
	EndGlobalSection
	GlobalSection(ProjectConfigurationPlatforms) = postSolution
		{B2971273-1FC8-4072-93E1-A278FA56B074}.Debug|Any CPU.ActiveCfg = Debug|Any CPU
		{B2971273-1FC8-4072-93E1-A278FA56B074}.Debug|Any CPU.Build.0 = Debug|Any CPU
		{B2971273-1FC8-4072-93E1-A278FA56B074}.Release|Any CPU.ActiveCfg = Release|Any CPU
		{B2971273-1FC8-4072-93E1-A278FA56B074}.Release|Any CPU.Build.0 = Release|Any CPU
		{D4BF84A2-CD5B-46AA-B236-03085CC5270E}.Debug|Any CPU.ActiveCfg = Debug|Any CPU
		{D4BF84A2-CD5B-46AA-B236-03085CC5270E}.Debug|Any CPU.Build.0 = Debug|Any CPU
		{D4BF84A2-CD5B-46AA-B236-03085CC5270E}.Release|Any CPU.ActiveCfg = Release|Any CPU
		{D4BF84A2-CD5B-46AA-B236-03085CC5270E}.Release|Any CPU.Build.0 = Release|Any CPU
		{BB87A844-AA35-4235-B4BE-B6038F4975D8}.Debug|Any CPU.ActiveCfg = Debug|Any CPU
		{BB87A844-AA35-4235-B4BE-B6038F4975D8}.Debug|Any CPU.Build.0 = Debug|Any CPU
		{BB87A844-AA35-4235-B4BE-B6038F4975D8}.Release|Any CPU.ActiveCfg = Release|Any CPU
		{BB87A844-AA35-4235-B4BE-B6038F4975D8}.Release|Any CPU.Build.0 = Release|Any CPU
		{054F375D-7EBD-4339-8999-7A84356BB74C}.Debug|Any CPU.ActiveCfg = Debug|Any CPU
		{054F375D-7EBD-4339-8999-7A84356BB74C}.Debug|Any CPU.Build.0 = Debug|Any CPU
		{054F375D-7EBD-4339-8999-7A84356BB74C}.Release|Any CPU.ActiveCfg = Release|Any CPU
		{054F375D-7EBD-4339-8999-7A84356BB74C}.Release|Any CPU.Build.0 = Release|Any CPU
	EndGlobalSection
	GlobalSection(SolutionProperties) = preSolution
		HideSolutionNode = FALSE
	EndGlobalSection
	GlobalSection(NestedProjects) = preSolution
		{B2971273-1FC8-4072-93E1-A278FA56B074} = {5C0C1155-AB2C-458A-8524-EDA4A89B2093}
		{D4BF84A2-CD5B-46AA-B236-03085CC5270E} = {5C0C1155-AB2C-458A-8524-EDA4A89B2093}
		{BB87A844-AA35-4235-B4BE-B6038F4975D8} = {5C0C1155-AB2C-458A-8524-EDA4A89B2093}
		{054F375D-7EBD-4339-8999-7A84356BB74C} = {5C0C1155-AB2C-458A-8524-EDA4A89B2093}
	EndGlobalSection
	GlobalSection(ExtensibilityGlobals) = postSolution
		SolutionGuid = {1FD3644A-A58A-4FAA-9DA2-854D45E27D7E}
	EndGlobalSection
EndGlobal
